
Microsoft Visual Studio Solution File, Format Version 12.00
# Visual Studio 2017
Project("{FAE04EC0-301F-11D3-BF4B-00C04F79EFBC}") = "HUSH-VR-PROJECT", "HUSH-VR-PROJECT.csproj", "{E6EB2A74-D385-1B4F-F0E7-DF1D79311F32}"
EndProject
Project("{FAE04EC0-301F-11D3-BF4B-00C04F79EFBC}") = "HUSH-VR-PROJECT.Editor", "HUSH-VR-PROJECT.Editor.csproj", "{4F23BCD1-C866-90C3-460E-33D52EA64A55}"
EndProject
Global
	GlobalSection(SolutionConfigurationPlatforms) = preSolution
		Debug|Any CPU = Debug|Any CPU
		Release|Any CPU = Release|Any CPU
	EndGlobalSection
	GlobalSection(ProjectConfigurationPlatforms) = postSolution
		{E6EB2A74-D385-1B4F-F0E7-DF1D79311F32}.Debug|Any CPU.ActiveCfg = Debug|Any CPU
		{E6EB2A74-D385-1B4F-F0E7-DF1D79311F32}.Debug|Any CPU.Build.0 = Debug|Any CPU
		{E6EB2A74-D385-1B4F-F0E7-DF1D79311F32}.Release|Any CPU.ActiveCfg = Release|Any CPU
		{E6EB2A74-D385-1B4F-F0E7-DF1D79311F32}.Release|Any CPU.Build.0 = Release|Any CPU
		{4F23BCD1-C866-90C3-460E-33D52EA64A55}.Debug|Any CPU.ActiveCfg = Debug|Any CPU
		{4F23BCD1-C866-90C3-460E-33D52EA64A55}.Debug|Any CPU.Build.0 = Debug|Any CPU
		{4F23BCD1-C866-90C3-460E-33D52EA64A55}.Release|Any CPU.ActiveCfg = Release|Any CPU
		{4F23BCD1-C866-90C3-460E-33D52EA64A55}.Release|Any CPU.Build.0 = Release|Any CPU
	EndGlobalSection
	GlobalSection(SolutionProperties) = preSolution
		HideSolutionNode = FALSE
	EndGlobalSection
EndGlobal
